
Microsoft Visual Studio Solution File, Format Version 12.00
# Visual Studio Version 16
VisualStudioVersion = 16.0.28922.388
MinimumVisualStudioVersion = 10.0.40219.1
Project("{00D1A9C2-B5F0-4AF3-8072-F6C62B433612}") = "ADO", "ADO\ADO.sqlproj", "{DFD59161-8E05-409A-AC91-A018A36BA3BA}"
EndProject
Global
	GlobalSection(SolutionConfigurationPlatforms) = preSolution
		Debug|Any CPU = Debug|Any CPU
		Release|Any CPU = Release|Any CPU
	EndGlobalSection
	GlobalSection(ProjectConfigurationPlatforms) = postSolution
		{DFD59161-8E05-409A-AC91-A018A36BA3BA}.Debug|Any CPU.ActiveCfg = Debug|Any CPU
		{DFD59161-8E05-409A-AC91-A018A36BA3BA}.Debug|Any CPU.Build.0 = Debug|Any CPU
		{DFD59161-8E05-409A-AC91-A018A36BA3BA}.Debug|Any CPU.Deploy.0 = Debug|Any CPU
		{DFD59161-8E05-409A-AC91-A018A36BA3BA}.Release|Any CPU.ActiveCfg = Release|Any CPU
		{DFD59161-8E05-409A-AC91-A018A36BA3BA}.Release|Any CPU.Build.0 = Release|Any CPU
		{DFD59161-8E05-409A-AC91-A018A36BA3BA}.Release|Any CPU.Deploy.0 = Release|Any CPU
	EndGlobalSection
	GlobalSection(SolutionProperties) = preSolution
		HideSolutionNode = FALSE
	EndGlobalSection
	GlobalSection(ExtensibilityGlobals) = postSolution
		SolutionGuid = {5F75E2C3-5B36-484E-B561-6050DF2EB7E6}
	EndGlobalSection
EndGlobal
